
Microsoft Visual Studio Solution File, Format Version 12.00
# Visual Studio 15
VisualStudioVersion = 15.0.28010.2048
MinimumVisualStudioVersion = 10.0.40219.1
Project("{FAE04EC0-301F-11D3-BF4B-00C04F79EFBC}") = "Issues.ListViewTranslate.Forms.Android", "Issues.ListViewTranslate.Forms\Issues.ListViewTranslate.Forms.Android\Issues.ListViewTranslate.Forms.Android.csproj", "{27868ECC-4477-4989-8826-769ED957CA2F}"
EndProject
Project("{FAE04EC0-301F-11D3-BF4B-00C04F79EFBC}") = "Issues.ListViewTranslate.Forms.iOS", "Issues.ListViewTranslate.Forms\Issues.ListViewTranslate.Forms.iOS\Issues.ListViewTranslate.Forms.iOS.csproj", "{F24AFAB6-C107-48C6-8AFE-3CB78A992A22}"
EndProject
Project("{FAE04EC0-301F-11D3-BF4B-00C04F79EFBC}") = "Issues.ListViewTranslate.Forms", "Issues.ListViewTranslate.Forms\Issues.ListViewTranslate.Forms\Issues.ListViewTranslate.Forms.csproj", "{447393F3-C3E9-4AD1-9B3A-3E59FEE22BCD}"
EndProject
Global
	GlobalSection(SolutionConfigurationPlatforms) = preSolution
		Ad-Hoc|Any CPU = Ad-Hoc|Any CPU
		Ad-Hoc|iPhone = Ad-Hoc|iPhone
		Ad-Hoc|iPhoneSimulator = Ad-Hoc|iPhoneSimulator
		AppStore|Any CPU = AppStore|Any CPU
		AppStore|iPhone = AppStore|iPhone
		AppStore|iPhoneSimulator = AppStore|iPhoneSimulator
		Debug|Any CPU = Debug|Any CPU
		Debug|iPhone = Debug|iPhone
		Debug|iPhoneSimulator = Debug|iPhoneSimulator
		Release|Any CPU = Release|Any CPU
		Release|iPhone = Release|iPhone
		Release|iPhoneSimulator = Release|iPhoneSimulator
	EndGlobalSection
	GlobalSection(ProjectConfigurationPlatforms) = postSolution
		{27868ECC-4477-4989-8826-769ED957CA2F}.Ad-Hoc|Any CPU.ActiveCfg = Release|Any CPU
		{27868ECC-4477-4989-8826-769ED957CA2F}.Ad-Hoc|Any CPU.Build.0 = Release|Any CPU
		{27868ECC-4477-4989-8826-769ED957CA2F}.Ad-Hoc|Any CPU.Deploy.0 = Release|Any CPU
		{27868ECC-4477-4989-8826-769ED957CA2F}.Ad-Hoc|iPhone.ActiveCfg = Release|Any CPU
		{27868ECC-4477-4989-8826-769ED957CA2F}.Ad-Hoc|iPhone.Build.0 = Release|Any CPU
		{27868ECC-4477-4989-8826-769ED957CA2F}.Ad-Hoc|iPhone.Deploy.0 = Release|Any CPU
		{27868ECC-4477-4989-8826-769ED957CA2F}.Ad-Hoc|iPhoneSimulator.ActiveCfg = Release|Any CPU
		{27868ECC-4477-4989-8826-769ED957CA2F}.Ad-Hoc|iPhoneSimulator.Build.0 = Release|Any CPU
		{27868ECC-4477-4989-8826-769ED957CA2F}.Ad-Hoc|iPhoneSimulator.Deploy.0 = Release|Any CPU
		{27868ECC-4477-4989-8826-769ED957CA2F}.AppStore|Any CPU.ActiveCfg = Release|Any CPU
		{27868ECC-4477-4989-8826-769ED957CA2F}.AppStore|Any CPU.Build.0 = Release|Any CPU
		{27868ECC-4477-4989-8826-769ED957CA2F}.AppStore|Any CPU.Deploy.0 = Release|Any CPU
		{27868ECC-4477-4989-8826-769ED957CA2F}.AppStore|iPhone.ActiveCfg = Release|Any CPU
		{27868ECC-4477-4989-8826-769ED957CA2F}.AppStore|iPhone.Build.0 = Release|Any CPU
		{27868ECC-4477-4989-8826-769ED957CA2F}.AppStore|iPhone.Deploy.0 = Release|Any CPU
		{27868ECC-4477-4989-8826-769ED957CA2F}.AppStore|iPhoneSimulator.ActiveCfg = Release|Any CPU
		{27868ECC-4477-4989-8826-769ED957CA2F}.AppStore|iPhoneSimulator.Build.0 = Release|Any CPU
		{27868ECC-4477-4989-8826-769ED957CA2F}.AppStore|iPhoneSimulator.Deploy.0 = Release|Any CPU
		{27868ECC-4477-4989-8826-769ED957CA2F}.Debug|Any CPU.ActiveCfg = Debug|Any CPU
		{27868ECC-4477-4989-8826-769ED957CA2F}.Debug|Any CPU.Build.0 = Debug|Any CPU
		{27868ECC-4477-4989-8826-769ED957CA2F}.Debug|Any CPU.Deploy.0 = Debug|Any CPU
		{27868ECC-4477-4989-8826-769ED957CA2F}.Debug|iPhone.ActiveCfg = Debug|Any CPU
		{27868ECC-4477-4989-8826-769ED957CA2F}.Debug|iPhone.Build.0 = Debug|Any CPU
		{27868ECC-4477-4989-8826-769ED957CA2F}.Debug|iPhone.Deploy.0 = Debug|Any CPU
		{27868ECC-4477-4989-8826-769ED957CA2F}.Debug|iPhoneSimulator.ActiveCfg = Debug|Any CPU
		{27868ECC-4477-4989-8826-769ED957CA2F}.Debug|iPhoneSimulator.Build.0 = Debug|Any CPU
		{27868ECC-4477-4989-8826-769ED957CA2F}.Debug|iPhoneSimulator.Deploy.0 = Debug|Any CPU
		{27868ECC-4477-4989-8826-769ED957CA2F}.Release|Any CPU.ActiveCfg = Release|Any CPU
		{27868ECC-4477-4989-8826-769ED957CA2F}.Release|Any CPU.Build.0 = Release|Any CPU
		{27868ECC-4477-4989-8826-769ED957CA2F}.Release|Any CPU.Deploy.0 = Release|Any CPU
		{27868ECC-4477-4989-8826-769ED957CA2F}.Release|iPhone.ActiveCfg = Release|Any CPU
		{27868ECC-4477-4989-8826-769ED957CA2F}.Release|iPhone.Build.0 = Release|Any CPU
		{27868ECC-4477-4989-8826-769ED957CA2F}.Release|iPhone.Deploy.0 = Release|Any CPU
		{27868ECC-4477-4989-8826-769ED957CA2F}.Release|iPhoneSimulator.ActiveCfg = Release|Any CPU
		{27868ECC-4477-4989-8826-769ED957CA2F}.Release|iPhoneSimulator.Build.0 = Release|Any CPU
		{27868ECC-4477-4989-8826-769ED957CA2F}.Release|iPhoneSimulator.Deploy.0 = Release|Any CPU
		{F24AFAB6-C107-48C6-8AFE-3CB78A992A22}.Ad-Hoc|Any CPU.ActiveCfg = Ad-Hoc|iPhone
		{F24AFAB6-C107-48C6-8AFE-3CB78A992A22}.Ad-Hoc|Any CPU.Build.0 = Ad-Hoc|iPhone
		{F24AFAB6-C107-48C6-8AFE-3CB78A992A22}.Ad-Hoc|Any CPU.Deploy.0 = Ad-Hoc|iPhone
		{F24AFAB6-C107-48C6-8AFE-3CB78A992A22}.Ad-Hoc|iPhone.ActiveCfg = Ad-Hoc|iPhone
		{F24AFAB6-C107-48C6-8AFE-3CB78A992A22}.Ad-Hoc|iPhone.Build.0 = Ad-Hoc|iPhone
		{F24AFAB6-C107-48C6-8AFE-3CB78A992A22}.Ad-Hoc|iPhone.Deploy.0 = Ad-Hoc|iPhone
		{F24AFAB6-C107-48C6-8AFE-3CB78A992A22}.Ad-Hoc|iPhoneSimulator.ActiveCfg = Ad-Hoc|iPhoneSimulator
		{F24AFAB6-C107-48C6-8AFE-3CB78A992A22}.Ad-Hoc|iPhoneSimulator.Build.0 = Ad-Hoc|iPhoneSimulator
		{F24AFAB6-C107-48C6-8AFE-3CB78A992A22}.Ad-Hoc|iPhoneSimulator.Deploy.0 = Ad-Hoc|iPhoneSimulator
		{F24AFAB6-C107-48C6-8AFE-3CB78A992A22}.AppStore|Any CPU.ActiveCfg = AppStore|iPhone
		{F24AFAB6-C107-48C6-8AFE-3CB78A992A22}.AppStore|Any CPU.Build.0 = AppStore|iPhone
		{F24AFAB6-C107-48C6-8AFE-3CB78A992A22}.AppStore|Any CPU.Deploy.0 = AppStore|iPhone
		{F24AFAB6-C107-48C6-8AFE-3CB78A992A22}.AppStore|iPhone.ActiveCfg = AppStore|iPhone
		{F24AFAB6-C107-48C6-8AFE-3CB78A992A22}.AppStore|iPhone.Build.0 = AppStore|iPhone
		{F24AFAB6-C107-48C6-8AFE-3CB78A992A22}.AppStore|iPhone.Deploy.0 = AppStore|iPhone
		{F24AFAB6-C107-48C6-8AFE-3CB78A992A22}.AppStore|iPhoneSimulator.ActiveCfg = AppStore|iPhoneSimulator
		{F24AFAB6-C107-48C6-8AFE-3CB78A992A22}.AppStore|iPhoneSimulator.Build.0 = AppStore|iPhoneSimulator
		{F24AFAB6-C107-48C6-8AFE-3CB78A992A22}.AppStore|iPhoneSimulator.Deploy.0 = AppStore|iPhoneSimulator
		{F24AFAB6-C107-48C6-8AFE-3CB78A992A22}.Debug|Any CPU.ActiveCfg = Debug|iPhoneSimulator
		{F24AFAB6-C107-48C6-8AFE-3CB78A992A22}.Debug|Any CPU.Build.0 = Debug|iPhoneSimulator
		{F24AFAB6-C107-48C6-8AFE-3CB78A992A22}.Debug|Any CPU.Deploy.0 = Debug|iPhoneSimulator
		{F24AFAB6-C107-48C6-8AFE-3CB78A992A22}.Debug|iPhone.ActiveCfg = Debug|iPhone
		{F24AFAB6-C107-48C6-8AFE-3CB78A992A22}.Debug|iPhone.Build.0 = Debug|iPhone
		{F24AFAB6-C107-48C6-8AFE-3CB78A992A22}.Debug|iPhone.Deploy.0 = Debug|iPhone
		{F24AFAB6-C107-48C6-8AFE-3CB78A992A22}.Debug|iPhoneSimulator.ActiveCfg = Debug|iPhoneSimulator
		{F24AFAB6-C107-48C6-8AFE-3CB78A992A22}.Debug|iPhoneSimulator.Build.0 = Debug|iPhoneSimulator
		{F24AFAB6-C107-48C6-8AFE-3CB78A992A22}.Debug|iPhoneSimulator.Deploy.0 = Debug|iPhoneSimulator
		{F24AFAB6-C107-48C6-8AFE-3CB78A992A22}.Release|Any CPU.ActiveCfg = Release|iPhone
		{F24AFAB6-C107-48C6-8AFE-3CB78A992A22}.Release|Any CPU.Build.0 = Release|iPhone
		{F24AFAB6-C107-48C6-8AFE-3CB78A992A22}.Release|Any CPU.Deploy.0 = Release|iPhone
		{F24AFAB6-C107-48C6-8AFE-3CB78A992A22}.Release|iPhone.ActiveCfg = Release|iPhone
		{F24AFAB6-C107-48C6-8AFE-3CB78A992A22}.Release|iPhone.Build.0 = Release|iPhone
		{F24AFAB6-C107-48C6-8AFE-3CB78A992A22}.Release|iPhone.Deploy.0 = Release|iPhone
		{F24AFAB6-C107-48C6-8AFE-3CB78A992A22}.Release|iPhoneSimulator.ActiveCfg = Release|iPhoneSimulator
		{F24AFAB6-C107-48C6-8AFE-3CB78A992A22}.Release|iPhoneSimulator.Build.0 = Release|iPhoneSimulator
		{F24AFAB6-C107-48C6-8AFE-3CB78A992A22}.Release|iPhoneSimulator.Deploy.0 = Release|iPhoneSimulator
		{447393F3-C3E9-4AD1-9B3A-3E59FEE22BCD}.Ad-Hoc|Any CPU.ActiveCfg = Debug|Any CPU
		{447393F3-C3E9-4AD1-9B3A-3E59FEE22BCD}.Ad-Hoc|Any CPU.Build.0 = Debug|Any CPU
		{447393F3-C3E9-4AD1-9B3A-3E59FEE22BCD}.Ad-Hoc|Any CPU.Deploy.0 = Debug|Any CPU
		{447393F3-C3E9-4AD1-9B3A-3E59FEE22BCD}.Ad-Hoc|iPhone.ActiveCfg = Debug|Any CPU
		{447393F3-C3E9-4AD1-9B3A-3E59FEE22BCD}.Ad-Hoc|iPhone.Build.0 = Debug|Any CPU
		{447393F3-C3E9-4AD1-9B3A-3E59FEE22BCD}.Ad-Hoc|iPhone.Deploy.0 = Debug|Any CPU
		{447393F3-C3E9-4AD1-9B3A-3E59FEE22BCD}.Ad-Hoc|iPhoneSimulator.ActiveCfg = Debug|Any CPU
		{447393F3-C3E9-4AD1-9B3A-3E59FEE22BCD}.Ad-Hoc|iPhoneSimulator.Build.0 = Debug|Any CPU
		{447393F3-C3E9-4AD1-9B3A-3E59FEE22BCD}.Ad-Hoc|iPhoneSimulator.Deploy.0 = Debug|Any CPU
		{447393F3-C3E9-4AD1-9B3A-3E59FEE22BCD}.AppStore|Any CPU.ActiveCfg = Debug|Any CPU
		{447393F3-C3E9-4AD1-9B3A-3E59FEE22BCD}.AppStore|Any CPU.Build.0 = Debug|Any CPU
		{447393F3-C3E9-4AD1-9B3A-3E59FEE22BCD}.AppStore|Any CPU.Deploy.0 = Debug|Any CPU
		{447393F3-C3E9-4AD1-9B3A-3E59FEE22BCD}.AppStore|iPhone.ActiveCfg = Debug|Any CPU
		{447393F3-C3E9-4AD1-9B3A-3E59FEE22BCD}.AppStore|iPhone.Build.0 = Debug|Any CPU
		{447393F3-C3E9-4AD1-9B3A-3E59FEE22BCD}.AppStore|iPhone.Deploy.0 = Debug|Any CPU
		{447393F3-C3E9-4AD1-9B3A-3E59FEE22BCD}.AppStore|iPhoneSimulator.ActiveCfg = Debug|Any CPU
		{447393F3-C3E9-4AD1-9B3A-3E59FEE22BCD}.AppStore|iPhoneSimulator.Build.0 = Debug|Any CPU
		{447393F3-C3E9-4AD1-9B3A-3E59FEE22BCD}.AppStore|iPhoneSimulator.Deploy.0 = Debug|Any CPU
		{447393F3-C3E9-4AD1-9B3A-3E59FEE22BCD}.Debug|Any CPU.ActiveCfg = Debug|Any CPU
		{447393F3-C3E9-4AD1-9B3A-3E59FEE22BCD}.Debug|Any CPU.Build.0 = Debug|Any CPU
		{447393F3-C3E9-4AD1-9B3A-3E59FEE22BCD}.Debug|Any CPU.Deploy.0 = Debug|Any CPU
		{447393F3-C3E9-4AD1-9B3A-3E59FEE22BCD}.Debug|iPhone.ActiveCfg = Debug|Any CPU
		{447393F3-C3E9-4AD1-9B3A-3E59FEE22BCD}.Debug|iPhone.Build.0 = Debug|Any CPU
		{447393F3-C3E9-4AD1-9B3A-3E59FEE22BCD}.Debug|iPhone.Deploy.0 = Debug|Any CPU
		{447393F3-C3E9-4AD1-9B3A-3E59FEE22BCD}.Debug|iPhoneSimulator.ActiveCfg = Debug|Any CPU
		{447393F3-C3E9-4AD1-9B3A-3E59FEE22BCD}.Debug|iPhoneSimulator.Build.0 = Debug|Any CPU
		{447393F3-C3E9-4AD1-9B3A-3E59FEE22BCD}.Debug|iPhoneSimulator.Deploy.0 = Debug|Any CPU
		{447393F3-C3E9-4AD1-9B3A-3E59FEE22BCD}.Release|Any CPU.ActiveCfg = Release|Any CPU
		{447393F3-C3E9-4AD1-9B3A-3E59FEE22BCD}.Release|Any CPU.Build.0 = Release|Any CPU
		{447393F3-C3E9-4AD1-9B3A-3E59FEE22BCD}.Release|Any CPU.Deploy.0 = Release|Any CPU
		{447393F3-C3E9-4AD1-9B3A-3E59FEE22BCD}.Release|iPhone.ActiveCfg = Release|Any CPU
		{447393F3-C3E9-4AD1-9B3A-3E59FEE22BCD}.Release|iPhone.Build.0 = Release|Any CPU
		{447393F3-C3E9-4AD1-9B3A-3E59FEE22BCD}.Release|iPhone.Deploy.0 = Release|Any CPU
		{447393F3-C3E9-4AD1-9B3A-3E59FEE22BCD}.Release|iPhoneSimulator.ActiveCfg = Release|Any CPU
		{447393F3-C3E9-4AD1-9B3A-3E59FEE22BCD}.Release|iPhoneSimulator.Build.0 = Release|Any CPU
		{447393F3-C3E9-4AD1-9B3A-3E59FEE22BCD}.Release|iPhoneSimulator.Deploy.0 = Release|Any CPU
	EndGlobalSection
	GlobalSection(SolutionProperties) = preSolution
		HideSolutionNode = FALSE
	EndGlobalSection
	GlobalSection(ExtensibilityGlobals) = postSolution
		SolutionGuid = {8B79F90F-CBB7-428E-AD5F-9A6B0D43078D}
	EndGlobalSection
EndGlobal
